<?xml version="1.0" encoding="utf-8"?>
<Project ToolsVersion="4.0" xmlns="http://schemas.microsoft.com/developer/msbuild/2003">
  <ItemGroup>
    <Filter Include="소스 파일">
      <UniqueIdentifier>{4FC737F1-C7A5-4376-A066-2A32D752A2FF}</UniqueIdentifier>
      <Extensions>cpp;c;cc;cxx;def;odl;idl;hpj;bat;asm;asmx</Extensions>
    </Filter>
    <Filter Include="헤더 파일">
      <UniqueIdentifier>{93995380-89BD-4b04-88EB-625FBE52EBFB}</UniqueIdentifier>
      <Extensions>h;hh;hpp;hxx;hm;inl;inc;xsd</Extensions>
    </Filter>
  </ItemGroup>
  <ItemGroup>
    <ClCompile Include="Source\Engine\Graphic\Text.cpp">
      <Filter>소스 파일</Filter>
    </ClCompile>
    <ClCompile Include="Source\Engine\Graphic\Texture.cpp">
      <Filter>소스 파일</Filter>
    </ClCompile>
    <ClCompile Include="Source\Engine\Logic\Logic.cpp">
      <Filter>소스 파일</Filter>
    </ClCompile>
    <ClCompile Include="Source\Engine\Utilities\Debug\Debug.cpp">
      <Filter>소스 파일</Filter>
    </ClCompile>
    <ClCompile Include="Source\Engine\Physics\World.cpp">
      <Filter>소스 파일</Filter>
    </ClCompile>
    <ClCompile Include="Source\Engine\StateManager\GameStateManager\GameStateManager.cpp">
      <Filter>소스 파일</Filter>
    </ClCompile>
    <ClCompile Include="Source\Engine\Graphic\GLManager.cpp">
      <Filter>소스 파일</Filter>
    </ClCompile>
    <ClCompile Include="Source\Engine\Graphic\Scene.cpp">
      <Filter>소스 파일</Filter>
    </ClCompile>
    <ClCompile Include="Source\Engine\InputManager\InputManager.cpp">
      <Filter>소스 파일</Filter>
    </ClCompile>
    <ClCompile Include="Source\Engine\Utilities\Math\MathUtils.cpp">
      <Filter>소스 파일</Filter>
    </ClCompile>
    <ClCompile Include="Source\Engine\Utilities\Math\Matrix\Matrix2x2.cpp">
      <Filter>소스 파일</Filter>
    </ClCompile>
    <ClCompile Include="Source\Engine\Utilities\Math\Vector\Vector2.cpp">
      <Filter>소스 파일</Filter>
    </ClCompile>
    <ClCompile Include="Source\Engine\Utilities\Math\Vector\Vector4.cpp">
      <Filter>소스 파일</Filter>
    </ClCompile>
    <ClCompile Include="Source\Engine\Utilities\Math\Matrix\Matrix4x4.cpp">
      <Filter>소스 파일</Filter>
    </ClCompile>
    <ClCompile Include="Source\Engine\Graphic\Shader.cpp">
      <Filter>소스 파일</Filter>
    </ClCompile>
    <ClCompile Include="Source\Engine\Graphic\Sprite.cpp">
      <Filter>소스 파일</Filter>
    </ClCompile>
    <ClCompile Include="Source\Engine\Utilities\Math\Vector\Vector3.cpp">
      <Filter>소스 파일</Filter>
    </ClCompile>
    <ClCompile Include="Source\Engine\ObjectManager\ObjectManager.cpp">
      <Filter>소스 파일</Filter>
    </ClCompile>
    <ClCompile Include="Source\Engine\Physics\RigidBody.cpp">
      <Filter>소스 파일</Filter>
    </ClCompile>
    <ClCompile Include="Source\Engine\WinMain.cpp">
      <Filter>소스 파일</Filter>
    </ClCompile>
    <ClCompile Include="Source\Game\GameStage\GameOver.cpp">
      <Filter>소스 파일</Filter>
    </ClCompile>
    <ClCompile Include="Source\Game\GameStage\LV1.cpp">
      <Filter>소스 파일</Filter>
    </ClCompile>
    <ClCompile Include="Source\Game\GameStage\LV2.cpp">
      <Filter>소스 파일</Filter>
    </ClCompile>
    <ClCompile Include="Source\Game\GameStage\LV3.cpp">
      <Filter>소스 파일</Filter>
    </ClCompile>
    <ClCompile Include="Source\Game\GameStage\MainMenu.cpp">
      <Filter>소스 파일</Filter>
    </ClCompile>
    <ClCompile Include="Source\Game\GameStage\Pause.cpp">
      <Filter>소스 파일</Filter>
    </ClCompile>
    <ClCompile Include="Include\LodePNG\lodepng.cpp">
      <Filter>소스 파일</Filter>
    </ClCompile>
    <ClCompile Include="Source\Engine\ObjectManager\Object\Object.cpp">
      <Filter>소스 파일</Filter>
    </ClCompile>
    <ClCompile Include="Source\Engine\StateManager\StageFactory\StageFactory.cpp">
      <Filter>소스 파일</Filter>
    </ClCompile>
    <ClCompile Include="Source\Engine\Sound\SoundManager.cpp">
      <Filter>소스 파일</Filter>
    </ClCompile>
    <ClCompile Include="Source\Engine\Sound\Sound.cpp">
      <Filter>소스 파일</Filter>
    </ClCompile>
    <ClCompile Include="Source\Engine\App\Application.cpp">
      <Filter>소스 파일</Filter>
    </ClCompile>
    <ClCompile Include="Source\Engine\Graphic\Particle.cpp">
      <Filter>소스 파일</Filter>
    </ClCompile>
    <ClCompile Include="Source\Game\GameLogic\SampleLogic.cpp">
      <Filter>소스 파일</Filter>
    </ClCompile>
    <ClCompile Include="Source\Engine\Utilities\INI\iniReader.cpp">
      <Filter>소스 파일</Filter>
    </ClCompile>
    <ClCompile Include="Source\Engine\Utilities\INI\iniWritter.cpp">
      <Filter>소스 파일</Filter>
    </ClCompile>
    <ClCompile Include="Source\Engine\Utilities\Json\JsonParser.cpp">
      <Filter>소스 파일</Filter>
    </ClCompile>
    <ClCompile Include="Include\jsoncpp.cpp">
      <Filter>소스 파일</Filter>
    </ClCompile>
    <ClCompile Include="Source\Engine\Logic\LogicFactory.cpp">
      <Filter>소스 파일</Filter>
    </ClCompile>
  </ItemGroup>
  <ItemGroup>
    <ClInclude Include="resource.h">
      <Filter>헤더 파일</Filter>
    </ClInclude>
    <ClInclude Include="Source\Engine\Graphic\Text.h">
      <Filter>헤더 파일</Filter>
    </ClInclude>
    <ClInclude Include="Source\Engine\Graphic\Texture.h">
      <Filter>헤더 파일</Filter>
    </ClInclude>
    <ClInclude Include="Source\Engine\Logic\Logic.h">
      <Filter>헤더 파일</Filter>
    </ClInclude>
    <ClInclude Include="Source\Engine\Utilities\Debug\Debug.h">
      <Filter>헤더 파일</Filter>
    </ClInclude>
    <ClInclude Include="Source\Engine\Physics\World.h">
      <Filter>헤더 파일</Filter>
    </ClInclude>
    <ClInclude Include="Source\Engine\StateManager\GameStateManager\GameStateManager.h">
      <Filter>헤더 파일</Filter>
    </ClInclude>
    <ClInclude Include="Source\Engine\Graphic\GLManager.h">
      <Filter>헤더 파일</Filter>
    </ClInclude>
    <ClInclude Include="Source\Engine\Graphic\Scene.h">
      <Filter>헤더 파일</Filter>
    </ClInclude>
    <ClInclude Include="Source\Engine\InputManager\InputManager.h">
      <Filter>헤더 파일</Filter>
    </ClInclude>
    <ClInclude Include="Source\Engine\Utilities\Math\MathUtils.h">
      <Filter>헤더 파일</Filter>
    </ClInclude>
    <ClInclude Include="Source\Engine\Utilities\Math\Matrix\Matrix2x2.h">
      <Filter>헤더 파일</Filter>
    </ClInclude>
    <ClInclude Include="Source\Engine\Utilities\Math\Vector\Vector2.h">
      <Filter>헤더 파일</Filter>
    </ClInclude>
    <ClInclude Include="Source\Engine\Physics\RigidBody.h">
      <Filter>헤더 파일</Filter>
    </ClInclude>
    <ClInclude Include="Source\Engine\Utilities\Random.h">
      <Filter>헤더 파일</Filter>
    </ClInclude>
    <ClInclude Include="Source\Game\BaseData\GameData.h">
      <Filter>헤더 파일</Filter>
    </ClInclude>
    <ClInclude Include="Source\Game\BaseData\LoadStages.h">
      <Filter>헤더 파일</Filter>
    </ClInclude>
    <ClInclude Include="Source\Engine\Utilities\Math\Matrix\Matrix4x4.h">
      <Filter>헤더 파일</Filter>
    </ClInclude>
    <ClInclude Include="Source\Engine\Graphic\Shader.hpp">
      <Filter>헤더 파일</Filter>
    </ClInclude>
    <ClInclude Include="Source\Engine\Graphic\Sprite.h">
      <Filter>헤더 파일</Filter>
    </ClInclude>
    <ClInclude Include="Source\Engine\Utilities\Math\Vector\Vector3.h">
      <Filter>헤더 파일</Filter>
    </ClInclude>
    <ClInclude Include="Source\Engine\ObjectManager\ObjectManager.h">
      <Filter>헤더 파일</Filter>
    </ClInclude>
    <ClInclude Include="Source\Engine\Utilities\Math\Vector\Vector4.h">
      <Filter>헤더 파일</Filter>
    </ClInclude>
    <ClInclude Include="Source\Engine\Utilities\Time.h">
      <Filter>헤더 파일</Filter>
    </ClInclude>
    <ClInclude Include="Source\Game\GameStage\GameOverBuilder.h">
      <Filter>헤더 파일</Filter>
    </ClInclude>
    <ClInclude Include="Source\Game\GameStage\GameOver.h">
      <Filter>헤더 파일</Filter>
    </ClInclude>
    <ClInclude Include="Source\Game\GameStage\LV1.h">
      <Filter>헤더 파일</Filter>
    </ClInclude>
    <ClInclude Include="Source\Game\GameStage\LV1Builder.h">
      <Filter>헤더 파일</Filter>
    </ClInclude>
    <ClInclude Include="Source\Game\GameStage\LV2.h">
      <Filter>헤더 파일</Filter>
    </ClInclude>
    <ClInclude Include="Source\Game\GameStage\LV2Builder.h">
      <Filter>헤더 파일</Filter>
    </ClInclude>
    <ClInclude Include="Source\Game\GameStage\LV3.h">
      <Filter>헤더 파일</Filter>
    </ClInclude>
    <ClInclude Include="Source\Game\GameStage\LV3Builder.h">
      <Filter>헤더 파일</Filter>
    </ClInclude>
    <ClInclude Include="Source\Game\GameStage\MainMenu.h">
      <Filter>헤더 파일</Filter>
    </ClInclude>
    <ClInclude Include="Source\Game\BaseData\BaseEnigne.h">
      <Filter>헤더 파일</Filter>
    </ClInclude>
    <ClInclude Include="Source\Game\GameStage\MainMenuBuilder.h">
      <Filter>헤더 파일</Filter>
    </ClInclude>
    <ClInclude Include="Source\Game\GameStage\Pause.h">
      <Filter>헤더 파일</Filter>
    </ClInclude>
    <ClInclude Include="Source\Game\GameStage\PauseBuilder.h">
      <Filter>헤더 파일</Filter>
    </ClInclude>
    <ClInclude Include="Include\LodePNG\lodepng.h">
      <Filter>헤더 파일</Filter>
    </ClInclude>
    <ClInclude Include="Include\GL\glext.h">
      <Filter>헤더 파일</Filter>
    </ClInclude>
    <ClInclude Include="Source\Engine\ObjectManager\Object\Object.h">
      <Filter>헤더 파일</Filter>
    </ClInclude>
    <ClInclude Include="Source\Engine\Logic\GameLogic.h">
      <Filter>헤더 파일</Filter>
    </ClInclude>
    <ClInclude Include="Source\Engine\StateManager\StageBuilder.h">
      <Filter>헤더 파일</Filter>
    </ClInclude>
    <ClInclude Include="Source\Engine\StateManager\StageFactory\StageFactory.h">
      <Filter>헤더 파일</Filter>
    </ClInclude>
    <ClInclude Include="Source\Engine\Sound\SoundManager.h">
      <Filter>헤더 파일</Filter>
    </ClInclude>
    <ClInclude Include="Source\Engine\Sound\Sound.h">
      <Filter>헤더 파일</Filter>
    </ClInclude>
    <ClInclude Include="Source\Engine\App\Application.h">
      <Filter>헤더 파일</Filter>
    </ClInclude>
    <ClInclude Include="Source\Engine\Graphic\Particle.h">
      <Filter>헤더 파일</Filter>
    </ClInclude>
    <ClInclude Include="Source\Game\GameLogic\SampleLogic.h">
      <Filter>헤더 파일</Filter>
    </ClInclude>
    <ClInclude Include="Source\Engine\StateManager\BaseStage.h">
      <Filter>헤더 파일</Filter>
    </ClInclude>
    <ClInclude Include="Source\Engine\Utilities\INI\iniReader.h">
      <Filter>헤더 파일</Filter>
    </ClInclude>
    <ClInclude Include="Source\Engine\Utilities\INI\iniWritter.h">
      <Filter>헤더 파일</Filter>
    </ClInclude>
    <ClInclude Include="Source\Engine\Utilities\Json\JsonParser.h">
      <Filter>헤더 파일</Filter>
    </ClInclude>
    <ClInclude Include="Source\Engine\Utilities\Converter.h">
      <Filter>헤더 파일</Filter>
    </ClInclude>
    <ClInclude Include="Source\Engine\Logic\LogicBuilder.h">
      <Filter>헤더 파일</Filter>
    </ClInclude>
    <ClInclude Include="Source\Engine\Logic\LogicFactory.h">
      <Filter>헤더 파일</Filter>
    </ClInclude>
    <ClInclude Include="Source\Engine\Logic\LogicBuilderList.h">
      <Filter>헤더 파일</Filter>
    </ClInclude>
  </ItemGroup>
  <ItemGroup>
    <Image Include="Resource\Texture\Icon\icon.bmp" />
    <Image Include="Resource\Texture\Icon\icon.ico" />
    <Image Include="Resource\Texture\Icon\icon.png" />
  </ItemGroup>
  <ItemGroup>
    <ResourceCompile Include="GameEngine.rc" />
  </ItemGroup>
</Project>