<?xml version="1.0" encoding="utf-8"?>
<Project ToolsVersion="4.0" xmlns="http://schemas.microsoft.com/developer/msbuild/2003">
  <ItemGroup>
    <Filter Include="소스 파일">
      <UniqueIdentifier>{4FC737F1-C7A5-4376-A066-2A32D752A2FF}</UniqueIdentifier>
      <Extensions>cpp;c;cc;cxx;def;odl;idl;hpj;bat;asm;asmx</Extensions>
    </Filter>
    <Filter Include="헤더 파일">
      <UniqueIdentifier>{93995380-89BD-4b04-88EB-625FBE52EBFB}</UniqueIdentifier>
      <Extensions>h;hh;hpp;hxx;hm;inl;inc;xsd</Extensions>
    </Filter>
  </ItemGroup>
  <ItemGroup>
    <ClCompile Include="Sources\Base\WinMain.cpp">
      <Filter>소스 파일</Filter>
    </ClCompile>
    <ClCompile Include="Sources\States\GameOver.cpp">
      <Filter>소스 파일</Filter>
    </ClCompile>
    <ClCompile Include="Sources\States\LV1.cpp">
      <Filter>소스 파일</Filter>
    </ClCompile>
    <ClCompile Include="Sources\States\LV2.cpp">
      <Filter>소스 파일</Filter>
    </ClCompile>
    <ClCompile Include="Sources\States\LV3.cpp">
      <Filter>소스 파일</Filter>
    </ClCompile>
    <ClCompile Include="Sources\States\MainMenu.cpp">
      <Filter>소스 파일</Filter>
    </ClCompile>
    <ClCompile Include="Sources\Base\Utilities\Time.cpp">
      <Filter>소스 파일</Filter>
    </ClCompile>
    <ClCompile Include="Sources\Base\Graphic\Shader.cpp">
      <Filter>소스 파일</Filter>
    </ClCompile>
    <ClCompile Include="Sources\Base\Graphic\Sprite.cpp">
      <Filter>소스 파일</Filter>
    </ClCompile>
    <ClCompile Include="Sources\Base\Apps\Application.cpp">
      <Filter>소스 파일</Filter>
    </ClCompile>
    <ClCompile Include="Sources\Base\Apps\GLApplication.cpp">
      <Filter>소스 파일</Filter>
    </ClCompile>
    <ClCompile Include="Sources\Base\ObjectManager\ObjectManager.cpp">
      <Filter>소스 파일</Filter>
    </ClCompile>
    <ClCompile Include="Sources\Base\InputManager\InputManager.cpp">
      <Filter>소스 파일</Filter>
    </ClCompile>
    <ClCompile Include="Sources\Base\Physics\RigidBody.cpp">
      <Filter>소스 파일</Filter>
    </ClCompile>
    <ClCompile Include="Sources\Base\Physics\Joint.cpp">
      <Filter>소스 파일</Filter>
    </ClCompile>
    <ClCompile Include="Sources\Base\Graphic\Scene.cpp">
      <Filter>소스 파일</Filter>
    </ClCompile>
    <ClCompile Include="Sources\Base\Math\MathUtils.cpp">
      <Filter>소스 파일</Filter>
    </ClCompile>
    <ClCompile Include="Sources\Base\Math\Vector\Vector2.cpp">
      <Filter>소스 파일</Filter>
    </ClCompile>
    <ClCompile Include="Sources\Base\Math\Vector\Vector3.cpp">
      <Filter>소스 파일</Filter>
    </ClCompile>
    <ClCompile Include="Sources\Base\Math\Vector\Vector4.cpp">
      <Filter>소스 파일</Filter>
    </ClCompile>
    <ClCompile Include="Sources\Base\Math\Matrix\Matrix2x2.cpp">
      <Filter>소스 파일</Filter>
    </ClCompile>
    <ClCompile Include="Sources\Base\Math\Matrix\Matrix4x4.cpp">
      <Filter>소스 파일</Filter>
    </ClCompile>
    <ClCompile Include="Sources\Base\StateManager\GameStateManager.cpp">
      <Filter>소스 파일</Filter>
    </ClCompile>
    <ClCompile Include="Sources\Base\Debug\Debug.cpp">
      <Filter>소스 파일</Filter>
    </ClCompile>
    <ClCompile Include="Sources\Base\Physics\World.cpp">
      <Filter>소스 파일</Filter>
    </ClCompile>
    <ClCompile Include="Sources\Base\Physics\TempSource.cpp">
      <Filter>소스 파일</Filter>
    </ClCompile>
    <ClCompile Include="Sources\States\Pause.cpp">
      <Filter>소스 파일</Filter>
    </ClCompile>
  </ItemGroup>
  <ItemGroup>
    <ClInclude Include="Sources\States\GameOver.h">
      <Filter>헤더 파일</Filter>
    </ClInclude>
    <ClInclude Include="Sources\States\LV1.h">
      <Filter>헤더 파일</Filter>
    </ClInclude>
    <ClInclude Include="Sources\States\LV2.h">
      <Filter>헤더 파일</Filter>
    </ClInclude>
    <ClInclude Include="Sources\States\LV3.h">
      <Filter>헤더 파일</Filter>
    </ClInclude>
    <ClInclude Include="Sources\States\MainMenu.h">
      <Filter>헤더 파일</Filter>
    </ClInclude>
    <ClInclude Include="Sources\Base\Utilities\Time.h">
      <Filter>헤더 파일</Filter>
    </ClInclude>
    <ClInclude Include="Sources\Base\Graphic\Sprite.h">
      <Filter>헤더 파일</Filter>
    </ClInclude>
    <ClInclude Include="Sources\Base\Graphic\Shader.hpp">
      <Filter>헤더 파일</Filter>
    </ClInclude>
    <ClInclude Include="Sources\Base\Apps\Application.h">
      <Filter>헤더 파일</Filter>
    </ClInclude>
    <ClInclude Include="Sources\Base\Apps\GLApplication.h">
      <Filter>헤더 파일</Filter>
    </ClInclude>
    <ClInclude Include="Sources\Base\ObjectManager\ObjectManager.h">
      <Filter>헤더 파일</Filter>
    </ClInclude>
    <ClInclude Include="Sources\Base\ObserverSample\Observer.h">
      <Filter>헤더 파일</Filter>
    </ClInclude>
    <ClInclude Include="Sources\States\BaseStage\BaseStage.h">
      <Filter>헤더 파일</Filter>
    </ClInclude>
    <ClInclude Include="Sources\States\BaseStage\LoadStages.h">
      <Filter>헤더 파일</Filter>
    </ClInclude>
    <ClInclude Include="Sources\States\BaseStage\BaseEnigne.h">
      <Filter>헤더 파일</Filter>
    </ClInclude>
    <ClInclude Include="Sources\Base\InputManager\InputManager.h">
      <Filter>헤더 파일</Filter>
    </ClInclude>
    <ClInclude Include="Sources\Base\InputManager\InputList.h">
      <Filter>헤더 파일</Filter>
    </ClInclude>
    <ClInclude Include="Sources\Base\Physics\RigidBody.h">
      <Filter>헤더 파일</Filter>
    </ClInclude>
    <ClInclude Include="Sources\Base\Math\MathUtils.h">
      <Filter>헤더 파일</Filter>
    </ClInclude>
    <ClInclude Include="Sources\Base\Physics\Joint.h">
      <Filter>헤더 파일</Filter>
    </ClInclude>
    <ClInclude Include="Sources\Base\Graphic\Scene.h">
      <Filter>헤더 파일</Filter>
    </ClInclude>
    <ClInclude Include="Sources\Base\Math\Vector\Vector4.h">
      <Filter>헤더 파일</Filter>
    </ClInclude>
    <ClInclude Include="Sources\Base\Math\Vector\Vector2.h">
      <Filter>헤더 파일</Filter>
    </ClInclude>
    <ClInclude Include="Sources\Base\Math\Vector\Vector3.h">
      <Filter>헤더 파일</Filter>
    </ClInclude>
    <ClInclude Include="Sources\Base\Math\Matrix\Matrix2x2.h">
      <Filter>헤더 파일</Filter>
    </ClInclude>
    <ClInclude Include="Sources\Base\Math\Matrix\Matrix4x4.h">
      <Filter>헤더 파일</Filter>
    </ClInclude>
    <ClInclude Include="Sources\Base\StateManager\GameStateManager.h">
      <Filter>헤더 파일</Filter>
    </ClInclude>
    <ClInclude Include="Sources\Base\Debug\Debug.h">
      <Filter>헤더 파일</Filter>
    </ClInclude>
    <ClInclude Include="Sources\States\BaseStage\GameData.h">
      <Filter>헤더 파일</Filter>
    </ClInclude>
    <ClInclude Include="Sources\Base\Physics\World.h">
      <Filter>헤더 파일</Filter>
    </ClInclude>
    <ClInclude Include="Sources\States\Pause.h">
      <Filter>헤더 파일</Filter>
    </ClInclude>
  </ItemGroup>
</Project>